{
  "nodes": {
    "home-manager": {
      "inputs": {
        "nixpkgs": [
          "nixpkgs-unstable"
        ]
      },
      "locked": {
        "lastModified": 1685480784,
        "narHash": "sha256-pkk3J9gX745LEkkeTGhSRJqPJkmCPQzwI/q7a720XaY=",
        "owner": "nix-community",
        "repo": "home-manager",
        "rev": "54a9d6456eaa6195998a0f37bdbafee9953ca0fb",
        "type": "github"
      },
      "original": {
        "owner": "nix-community",
        "ref": "release-23.05",
        "repo": "home-manager",
        "type": "github"
      }
    },
    "kickstart-neovim": {
      "flake": false,
      "locked": {
        "lastModified": 1681392867,
        "narHash": "sha256-h03O+5whUOKeuBo8iZND5tEXVeDHQgsGTQVczGhlpgA=",
        "owner": "nvim-lua",
        "repo": "kickstart.nvim",
        "rev": "9924f7e0a0fbc2caea91007a5d66cb9aa74827db",
        "type": "github"
      },
      "original": {
        "owner": "nvim-lua",
        "ref": "master",
        "repo": "kickstart.nvim",
        "type": "github"
      }
    },
    "nixpkgs": {
      "locked": {
        "lastModified": 1703351344,
        "narHash": "sha256-9FEelzftkE9UaJ5nqxidaJJPEhe9TPhbypLHmc2Mysc=",
        "owner": "nixos",
        "repo": "nixpkgs",
        "rev": "7790e078f8979a9fcd543f9a47427eeaba38f268",
        "type": "github"
      },
      "original": {
        "owner": "nixos",
        "ref": "nixos-23.05",
        "repo": "nixpkgs",
        "type": "github"
      }
    },
    "nixpkgs-unstable": {
      "locked": {
        "lastModified": 1703255338,
        "narHash": "sha256-Z6wfYJQKmDN9xciTwU3cOiOk+NElxdZwy/FiHctCzjU=",
        "owner": "nixos",
        "repo": "nixpkgs",
        "rev": "6df37dc6a77654682fe9f071c62b4242b5342e04",
        "type": "github"
      },
      "original": {
        "owner": "nixos",
        "ref": "nixos-unstable",
        "repo": "nixpkgs",
        "type": "github"
      }
    },
    "nur": {
      "locked": {
        "lastModified": 1680464750,
        "narHash": "sha256-20bP0roHuVhncvCIu1FTkfKJ1QIKxG1IxfmBjKOiP3c=",
        "owner": "nix-community",
        "repo": "NUR",
        "rev": "93e5e544f84b56d4b6bee62e0242e93ce5f11dee",
        "type": "github"
      },
      "original": {
        "owner": "nix-community",
        "repo": "NUR",
        "type": "github"
      }
    },
    "root": {
      "inputs": {
        "home-manager": "home-manager",
        "kickstart-neovim": "kickstart-neovim",
        "nixpkgs": "nixpkgs",
        "nixpkgs-unstable": "nixpkgs-unstable",
        "nur": "nur"
      }
    }
  },
  "root": "root",
  "version": 7
}
